
Microsoft Visual Studio Solution File, Format Version 12.00
# Visual Studio 15
VisualStudioVersion = 15.0.28307.1622
MinimumVisualStudioVersion = 10.0.40219.1
Project("{FAE04EC0-301F-11D3-BF4B-00C04F79EFBC}") = "Investeer", "Investeer\Investeer.csproj", "{3B8E3BD9-78CE-4DAA-A04D-2591540119B4}"
EndProject
Project("{9A19103F-16F7-4668-BE54-9A1E7A4F7556}") = "Investeer.DataAccess", "Investeer.DataAccess\Investeer.DataAccess.csproj", "{76D6E5D8-A801-4CD2-AC4F-D7BAB1E6FCBB}"
EndProject
Project("{9A19103F-16F7-4668-BE54-9A1E7A4F7556}") = "Investeer.Models", "Investeer.Models\Investeer.Models.csproj", "{7015A6D1-CC41-45AB-8630-F1F072B3E32D}"
EndProject
Project("{9A19103F-16F7-4668-BE54-9A1E7A4F7556}") = "Investeer.Utility", "Investeer.Utility\Investeer.Utility.csproj", "{399C3C7F-305C-4AA8-BCAB-AEDB43B6D09A}"
EndProject
Global
	GlobalSection(SolutionConfigurationPlatforms) = preSolution
		Debug|Any CPU = Debug|Any CPU
		Release|Any CPU = Release|Any CPU
	EndGlobalSection
	GlobalSection(ProjectConfigurationPlatforms) = postSolution
		{3B8E3BD9-78CE-4DAA-A04D-2591540119B4}.Debug|Any CPU.ActiveCfg = Debug|Any CPU
		{3B8E3BD9-78CE-4DAA-A04D-2591540119B4}.Debug|Any CPU.Build.0 = Debug|Any CPU
		{3B8E3BD9-78CE-4DAA-A04D-2591540119B4}.Release|Any CPU.ActiveCfg = Release|Any CPU
		{3B8E3BD9-78CE-4DAA-A04D-2591540119B4}.Release|Any CPU.Build.0 = Release|Any CPU
		{76D6E5D8-A801-4CD2-AC4F-D7BAB1E6FCBB}.Debug|Any CPU.ActiveCfg = Debug|Any CPU
		{76D6E5D8-A801-4CD2-AC4F-D7BAB1E6FCBB}.Debug|Any CPU.Build.0 = Debug|Any CPU
		{76D6E5D8-A801-4CD2-AC4F-D7BAB1E6FCBB}.Release|Any CPU.ActiveCfg = Release|Any CPU
		{76D6E5D8-A801-4CD2-AC4F-D7BAB1E6FCBB}.Release|Any CPU.Build.0 = Release|Any CPU
		{7015A6D1-CC41-45AB-8630-F1F072B3E32D}.Debug|Any CPU.ActiveCfg = Debug|Any CPU
		{7015A6D1-CC41-45AB-8630-F1F072B3E32D}.Debug|Any CPU.Build.0 = Debug|Any CPU
		{7015A6D1-CC41-45AB-8630-F1F072B3E32D}.Release|Any CPU.ActiveCfg = Release|Any CPU
		{7015A6D1-CC41-45AB-8630-F1F072B3E32D}.Release|Any CPU.Build.0 = Release|Any CPU
		{399C3C7F-305C-4AA8-BCAB-AEDB43B6D09A}.Debug|Any CPU.ActiveCfg = Debug|Any CPU
		{399C3C7F-305C-4AA8-BCAB-AEDB43B6D09A}.Debug|Any CPU.Build.0 = Debug|Any CPU
		{399C3C7F-305C-4AA8-BCAB-AEDB43B6D09A}.Release|Any CPU.ActiveCfg = Release|Any CPU
		{399C3C7F-305C-4AA8-BCAB-AEDB43B6D09A}.Release|Any CPU.Build.0 = Release|Any CPU
	EndGlobalSection
	GlobalSection(SolutionProperties) = preSolution
		HideSolutionNode = FALSE
	EndGlobalSection
	GlobalSection(ExtensibilityGlobals) = postSolution
		SolutionGuid = {FBA38A7A-460B-4BBD-A09F-A6C5B6033AED}
	EndGlobalSection
EndGlobal
